
Microsoft Visual Studio Solution File, Format Version 12.00
# Visual Studio Version 17
VisualStudioVersion = 17.10.35013.160
MinimumVisualStudioVersion = 10.0.40219.1
Project("{FAE04EC0-301F-11D3-BF4B-00C04F79EFBC}") = "Lab4", "Lab4\Lab4.csproj", "{BB22E808-CEDE-42ED-B36F-3C19845B5A8A}"
EndProject
Global
	GlobalSection(SolutionConfigurationPlatforms) = preSolution
		Debug|Any CPU = Debug|Any CPU
		Release|Any CPU = Release|Any CPU
	EndGlobalSection
	GlobalSection(ProjectConfigurationPlatforms) = postSolution
		{BB22E808-CEDE-42ED-B36F-3C19845B5A8A}.Debug|Any CPU.ActiveCfg = Debug|Any CPU
		{BB22E808-CEDE-42ED-B36F-3C19845B5A8A}.Debug|Any CPU.Build.0 = Debug|Any CPU
		{BB22E808-CEDE-42ED-B36F-3C19845B5A8A}.Release|Any CPU.ActiveCfg = Release|Any CPU
		{BB22E808-CEDE-42ED-B36F-3C19845B5A8A}.Release|Any CPU.Build.0 = Release|Any CPU
	EndGlobalSection
	GlobalSection(SolutionProperties) = preSolution
		HideSolutionNode = FALSE
	EndGlobalSection
	GlobalSection(ExtensibilityGlobals) = postSolution
		SolutionGuid = {C6608C44-7C3E-4B86-8A94-E28123ED1C11}
	EndGlobalSection
EndGlobal
